// !$*UTF8*$!
{
	archiveVersion = 1;
	classes = {
	};
	objectVersion = 77;
	objects = {

/* Begin PBXContainerItemProxy section */
		2FD2DBF12FA2E06200DBE696 /* PBXContainerItemProxy */ = {
			isa = PBXContainerItemProxy;
			containerPortal = 2FD2DBDB2FA2E06100DBE696 /* Project object */;
			proxyType = 1;
			remoteGlobalIDString = 2FD2DBE22FA2E06200DBE696;
			remoteInfo = NavTechnique;
		};
		2FD2DBFB2FA2E06200DBE696 /* PBXContainerItemProxy */ = {
			isa = PBXContainerItemProxy;
			containerPortal = 2FD2DBDB2FA2E06100DBE696 /* Project object */;
			proxyType = 1;
			remoteGlobalIDString = 2FD2DBE22FA2E06200DBE696;
			remoteInfo = NavTechnique;
		};
/* End PBXContainerItemProxy section */

/* Begin PBXFileReference section */
		2FD2DBE32FA2E06200DBE696 /* NavTechnique.app */ = {isa = PBXFileReference; explicitFileType = wrapper.application; includeInIndex = 0; path = NavTechnique.app; sourceTree = BUILT_PRODUCTS_DIR; };
		2FD2DBF02FA2E06200DBE696 /* NavTechniqueTests.xctest */ = {isa = PBXFileReference; explicitFileType = wrapper.cfbundle; includeInIndex = 0; path = NavTechniqueTests.xctest; sourceTree = BUILT_PRODUCTS_DIR; };
		2FD2DBFA2FA2E06200DBE696 /* NavTechniqueUITests.xctest */ = {isa = PBXFileReference; explicitFileType = wrapper.cfbundle; includeInIndex = 0; path = NavTechniqueUITests.xctest; sourceTree = BUILT_PRODUCTS_DIR; };
/* End PBXFileReference section */

/* Begin PBXFileSystemSynchronizedRootGroup section */
		2FD2DBE52FA2E06200DBE696 /* NavTechnique */ = {
			isa = PBXFileSystemSynchronizedRootGroup;
			path = NavTechnique;
			sourceTree = "<group>";
		};
		2FD2DBF32FA2E06200DBE696 /* NavTechniqueTests */ = {
			isa = PBXFileSystemSynchronizedRootGroup;
			path = NavTechniqueTests;
			sourceTree = "<group>";
		};
		2FD2DBFD2FA2E06200DBE696 /* NavTechniqueUITests */ = {
			isa = PBXFileSystemSynchronizedRootGroup;
			path = NavTechniqueUITests;
			sourceTree = "<group>";
		};
/* End PBXFileSystemSynchronizedRootGroup section */

/* Begin PBXFrameworksBuildPhase section */
		2FD2DBE02FA2E06200DBE696 /* Frameworks */ = {
			isa = PBXFrameworksBuildPhase;
			buildActionMask = 2147483647;
			files = (
			);
			runOnlyForDeploymentPostprocessing = 0;
		};
		2FD2DBED2FA2E06200DBE696 /* Frameworks */ = {
			isa = PBXFrameworksBuildPhase;
			buildActionMask = 2147483647;
			files = (
			);
			runOnlyForDeploymentPostprocessing = 0;
		};
		2FD2DBF72FA2E06200DBE696 /* Frameworks */ = {
			isa = PBXFrameworksBuildPhase;
			buildActionMask = 2147483647;
			files = (
			);
			runOnlyForDeploymentPostprocessing = 0;
		};
/* End PBXFrameworksBuildPhase section */

/* Begin PBXGroup section */
		2FD2DBDA2FA2E06100DBE696 = {
			isa = PBXGroup;
			children = (
				2FD2DBE52FA2E06200DBE696 /* NavTechnique */,
				2FD2DBF32FA2E06200DBE696 /* NavTechniqueTests */,
				2FD2DBFD2FA2E06200DBE696 /* NavTechniqueUITests */,
				2FD2DBE42FA2E06200DBE696 /* Products */,
			);
			sourceTree = "<group>";
		};
		2FD2DBE42FA2E06200DBE696 /* Products */ = {
			isa = PBXGroup;
			children = (
				2FD2DBE32FA2E06200DBE696 /* NavTechnique.app */,
				2FD2DBF02FA2E06200DBE696 /* NavTechniqueTests.xctest */,
				2FD2DBFA2FA2E06200DBE696 /* NavTechniqueUITests.xctest */,
			);
			name = Products;
			sourceTree = "<group>";
		};
/* End PBXGroup section */

/* Begin PBXNativeTarget section */
		2FD2DBE22FA2E06200DBE696 /* NavTechnique */ = {
			isa = PBXNativeTarget;
			buildConfigurationList = 2FD2DC042FA2E06200DBE696 /* Build configuration list for PBXNativeTarget "NavTechnique" */;
			buildPhases = (
				2FD2DBDF2FA2E06200DBE696 /* Sources */,
				2FD2DBE02FA2E06200DBE696 /* Frameworks */,
				2FD2DBE12FA2E06200DBE696 /* Resources */,
			);
			buildRules = (
			);
			dependencies = (
			);
			fileSystemSynchronizedGroups = (
				2FD2DBE52FA2E06200DBE696 /* NavTechnique */,
			);
			name = NavTechnique;
			packageProductDependencies = (
			);
			productName = NavTechnique;
			productReference = 2FD2DBE32FA2E06200DBE696 /* NavTechnique.app */;
			productType = "com.apple.product-type.application";
		};
		2FD2DBEF2FA2E06200DBE696 /* NavTechniqueTests */ = {
			isa = PBXNativeTarget;
			buildConfigurationList = 2FD2DC072FA2E06200DBE696 /* Build configuration list for PBXNativeTarget "NavTechniqueTests" */;
			buildPhases = (
				2FD2DBEC2FA2E06200DBE696 /* Sources */,
				2FD2DBED2FA2E06200DBE696 /* Frameworks */,
				2FD2DBEE2FA2E06200DBE696 /* Resources */,
			);
			buildRules = (
			);
			dependencies = (
				2FD2DBF22FA2E06200DBE696 /* PBXTargetDependency */,
			);
			fileSystemSynchronizedGroups = (
				2FD2DBF32FA2E06200DBE696 /* NavTechniqueTests */,
			);
			name = NavTechniqueTests;
			packageProductDependencies = (
			);
			productName = NavTechniqueTests;
			productReference = 2FD2DBF02FA2E06200DBE696 /* NavTechniqueTests.xctest */;
			productType = "com.apple.product-type.bundle.unit-test";
		};
		2FD2DBF92FA2E06200DBE696 /* NavTechniqueUITests */ = {
			isa = PBXNativeTarget;
			buildConfigurationList = 2FD2DC0A2FA2E06200DBE696 /* Build configuration list for PBXNativeTarget "NavTechniqueUITests" */;
			buildPhases = (
				2FD2DBF62FA2E06200DBE696 /* Sources */,
				2FD2DBF72FA2E06200DBE696 /* Frameworks */,
				2FD2DBF82FA2E06200DBE696 /* Resources */,
			);
			buildRules = (
			);
			dependencies = (
				2FD2DBFC2FA2E06200DBE696 /* PBXTargetDependency */,
			);
			fileSystemSynchronizedGroups = (
				2FD2DBFD2FA2E06200DBE696 /* NavTechniqueUITests */,
			);
			name = NavTechniqueUITests;
			packageProductDependencies = (
			);
			productName = NavTechniqueUITests;
			productReference = 2FD2DBFA2FA2E06200DBE696 /* NavTechniqueUITests.xctest */;
			productType = "com.apple.product-type.bundle.ui-testing";
		};
/* End PBXNativeTarget section */

/* Begin PBXProject section */
		2FD2DBDB2FA2E06100DBE696 /* Project object */ = {
			isa = PBXProject;
			attributes = {
				BuildIndependentTargetsInParallel = 1;
				LastSwiftUpdateCheck = 2600;
				LastUpgradeCheck = 2600;
				TargetAttributes = {
					2FD2DBE22FA2E06200DBE696 = {
						CreatedOnToolsVersion = 26.0;
					};
					2FD2DBEF2FA2E06200DBE696 = {
						CreatedOnToolsVersion = 26.0;
						TestTargetID = 2FD2DBE22FA2E06200DBE696;
					};
					2FD2DBF92FA2E06200DBE696 = {
						CreatedOnToolsVersion = 26.0;
						TestTargetID = 2FD2DBE22FA2E06200DBE696;
					};
				};
			};
			buildConfigurationList = 2FD2DBDE2FA2E06200DBE696 /* Build configuration list for PBXProject "NavTechnique" */;
			developmentRegion = en;
			hasScannedForEncodings = 0;
			knownRegions = (
				en,
				Base,
			);
			mainGroup = 2FD2DBDA2FA2E06100DBE696;
			minimizedProjectReferenceProxies = 1;
			preferredProjectObjectVersion = 77;
			productRefGroup = 2FD2DBE42FA2E06200DBE696 /* Products */;
			projectDirPath = "";
			projectRoot = "";
			targets = (
				2FD2DBE22FA2E06200DBE696 /* NavTechnique */,
				2FD2DBEF2FA2E06200DBE696 /* NavTechniqueTests */,
				2FD2DBF92FA2E06200DBE696 /* NavTechniqueUITests */,
			);
		};
/* End PBXProject section */

/* Begin PBXResourcesBuildPhase section */
		2FD2DBE12FA2E06200DBE696 /* Resources */ = {
			isa = PBXResourcesBuildPhase;
			buildActionMask = 2147483647;
			files = (
			);
			runOnlyForDeploymentPostprocessing = 0;
		};
		2FD2DBEE2FA2E06200DBE696 /* Resources */ = {
			isa = PBXResourcesBuildPhase;
			buildActionMask = 2147483647;
			files = (
			);
			runOnlyForDeploymentPostprocessing = 0;
		};
		2FD2DBF82FA2E06200DBE696 /* Resources */ = {
			isa = PBXResourcesBuildPhase;
			buildActionMask = 2147483647;
			files = (
			);
			runOnlyForDeploymentPostprocessing = 0;
		};
/* End PBXResourcesBuildPhase section */

/* Begin PBXSourcesBuildPhase section */
		2FD2DBDF2FA2E06200DBE696 /* Sources */ = {
			isa = PBXSourcesBuildPhase;
			buildActionMask = 2147483647;
			files = (
			);
			runOnlyForDeploymentPostprocessing = 0;
		};
		2FD2DBEC2FA2E06200DBE696 /* Sources */ = {
			isa = PBXSourcesBuildPhase;
			buildActionMask = 2147483647;
			files = (
			);
			runOnlyForDeploymentPostprocessing = 0;
		};
		2FD2DBF62FA2E06200DBE696 /* Sources */ = {
			isa = PBXSourcesBuildPhase;
			buildActionMask = 2147483647;
			files = (
			);
			runOnlyForDeploymentPostprocessing = 0;
		};
/* End PBXSourcesBuildPhase section */

/* Begin PBXTargetDependency section */
		2FD2DBF22FA2E06200DBE696 /* PBXTargetDependency */ = {
			isa = PBXTargetDependency;
			target = 2FD2DBE22FA2E06200DBE696 /* NavTechnique */;
			targetProxy = 2FD2DBF12FA2E06200DBE696 /* PBXContainerItemProxy */;
		};
		2FD2DBFC2FA2E06200DBE696 /* PBXTargetDependency */ = {
			isa = PBXTargetDependency;
			target = 2FD2DBE22FA2E06200DBE696 /* NavTechnique */;
			targetProxy = 2FD2DBFB2FA2E06200DBE696 /* PBXContainerItemProxy */;
		};
/* End PBXTargetDependency section */

/* Begin XCBuildConfiguration section */
		2FD2DC022FA2E06200DBE696 /* Debug */ = {
			isa = XCBuildConfiguration;
			buildSettings = {
				ALWAYS_SEARCH_USER_PATHS = NO;
				ASSETCATALOG_COMPILER_GENERATE_SWIFT_ASSET_SYMBOL_EXTENSIONS = YES;
				CLANG_ANALYZER_NONNULL = YES;
				CLANG_ANALYZER_NUMBER_OBJECT_CONVERSION = YES_AGGRESSIVE;
				CLANG_CXX_LANGUAGE_STANDARD = "gnu++20";
				CLANG_ENABLE_MODULES = YES;
				CLANG_ENABLE_OBJC_ARC = YES;
				CLANG_ENABLE_OBJC_WEAK = YES;
				CLANG_WARN_BLOCK_CAPTURE_AUTORELEASING = YES;
				CLANG_WARN_BOOL_CONVERSION = YES;
				CLANG_WARN_COMMA = YES;
				CLANG_WARN_CONSTANT_CONVERSION = YES;
				CLANG_WARN_DEPRECATED_OBJC_IMPLEMENTATIONS = YES;
				CLANG_WARN_DIRECT_OBJC_ISA_USAGE = YES_ERROR;
				CLANG_WARN_DOCUMENTATION_COMMENTS = YES;
				CLANG_WARN_EMPTY_BODY = YES;
				CLANG_WARN_ENUM_CONVERSION = YES;
				CLANG_WARN_INFINITE_RECURSION = YES;
				CLANG_WARN_INT_CONVERSION = YES;
				CLANG_WARN_NON_LITERAL_NULL_CONVERSION = YES;
				CLANG_WARN_OBJC_IMPLICIT_RETAIN_SELF = YES;
				CLANG_WARN_OBJC_LITERAL_CONVERSION = YES;
				CLANG_WARN_OBJC_ROOT_CLASS = YES_ERROR;
				CLANG_WARN_QUOTED_INCLUDE_IN_FRAMEWORK_HEADER = YES;
				CLANG_WARN_RANGE_LOOP_ANALYSIS = YES;
				CLANG_WARN_STRICT_PROTOTYPES = YES;
				CLANG_WARN_SUSPICIOUS_MOVE = YES;
				CLANG_WARN_UNGUARDED_AVAILABILITY = YES_AGGRESSIVE;
				CLANG_WARN_UNREACHABLE_CODE = YES;
				CLANG_WARN__DUPLICATE_METHOD_MATCH = YES;
				COPY_PHASE_STRIP = NO;
				DEBUG_INFORMATION_FORMAT = dwarf;
				DEVELOPMENT_TEAM = 38C5XXGVU6;
				ENABLE_STRICT_OBJC_MSGSEND = YES;
				ENABLE_TESTABILITY = YES;
				ENABLE_USER_SCRIPT_SANDBOXING = YES;
				GCC_C_LANGUAGE_STANDARD = gnu17;
				GCC_DYNAMIC_NO_PIC = NO;
				GCC_NO_COMMON_BLOCKS = YES;
				GCC_OPTIMIZATION_LEVEL = 0;
				GCC_PREPROCESSOR_DEFINITIONS = (
					"DEBUG=1",
					"$(inherited)",
				);
				GCC_WARN_64_TO_32_BIT_CONVERSION = YES;
				GCC_WARN_ABOUT_RETURN_TYPE = YES_ERROR;
				GCC_WARN_UNDECLARED_SELECTOR = YES;
				GCC_WARN_UNINITIALIZED_AUTOS = YES_AGGRESSIVE;
				GCC_WARN_UNUSED_FUNCTION = YES;
				GCC_WARN_UNUSED_VARIABLE = YES;
				IPHONEOS_DEPLOYMENT_TARGET = 26.0;
				LOCALIZATION_PREFERS_STRING_CATALOGS = YES;
				MTL_ENABLE_DEBUG_INFO = INCLUDE_SOURCE;
				MTL_FAST_MATH = YES;
				ONLY_ACTIVE_ARCH = YES;
				SDKROOT = iphoneos;
				SWIFT_ACTIVE_COMPILATION_CONDITIONS = "DEBUG $(inherited)";
				SWIFT_OPTIMIZATION_LEVEL = "-Onone";
			};
			name = Debug;
		};
		2FD2DC032FA2E06200DBE696 /* Release */ = {
			isa = XCBuildConfiguration;
			buildSettings = {
				ALWAYS_SEARCH_USER_PATHS = NO;
				ASSETCATALOG_COMPILER_GENERATE_SWIFT_ASSET_SYMBOL_EXTENSIONS = YES;
				CLANG_ANALYZER_NONNULL = YES;
				CLANG_ANALYZER_NUMBER_OBJECT_CONVERSION = YES_AGGRESSIVE;
				CLANG_CXX_LANGUAGE_STANDARD = "gnu++20";
				CLANG_ENABLE_MODULES = YES;
				CLANG_ENABLE_OBJC_ARC = YES;
				CLANG_ENABLE_OBJC_WEAK = YES;
				CLANG_WARN_BLOCK_CAPTURE_AUTORELEASING = YES;
				CLANG_WARN_BOOL_CONVERSION = YES;
				CLANG_WARN_COMMA = YES;
				CLANG_WARN_CONSTANT_CONVERSION = YES;
				CLANG_WARN_DEPRECATED_OBJC_IMPLEMENTATIONS = YES;
				CLANG_WARN_DIRECT_OBJC_ISA_USAGE = YES_ERROR;
				CLANG_WARN_DOCUMENTATION_COMMENTS = YES;
				CLANG_WARN_EMPTY_BODY = YES;
				CLANG_WARN_ENUM_CONVERSION = YES;
				CLANG_WARN_INFINITE_RECURSION = YES;
				CLANG_WARN_INT_CONVERSION = YES;
				CLANG_WARN_NON_LITERAL_NULL_CONVERSION = YES;
				CLANG_WARN_OBJC_IMPLICIT_RETAIN_SELF = YES;
				CLANG_WARN_OBJC_LITERAL_CONVERSION = YES;
				CLANG_WARN_OBJC_ROOT_CLASS = YES_ERROR;
				CLANG_WARN_QUOTED_INCLUDE_IN_FRAMEWORK_HEADER = YES;
				CLANG_WARN_RANGE_LOOP_ANALYSIS = YES;
				CLANG_WARN_STRICT_PROTOTYPES = YES;
				CLANG_WARN_SUSPICIOUS_MOVE = YES;
				CLANG_WARN_UNGUARDED_AVAILABILITY = YES_AGGRESSIVE;
				CLANG_WARN_UNREACHABLE_CODE = YES;
				CLANG_WARN__DUPLICATE_METHOD_MATCH = YES;
				COPY_PHASE_STRIP = NO;
				DEBUG_INFORMATION_FORMAT = "dwarf-with-dsym";
				DEVELOPMENT_TEAM = 38C5XXGVU6;
				ENABLE_NS_ASSERTIONS = NO;
				ENABLE_STRICT_OBJC_MSGSEND = YES;
				ENABLE_USER_SCRIPT_SANDBOXING = YES;
				GCC_C_LANGUAGE_STANDARD = gnu17;
				GCC_NO_COMMON_BLOCKS = YES;
				GCC_WARN_64_TO_32_BIT_CONVERSION = YES;
				GCC_WARN_ABOUT_RETURN_TYPE = YES_ERROR;
				GCC_WARN_UNDECLARED_SELECTOR = YES;
				GCC_WARN_UNINITIALIZED_AUTOS = YES_AGGRESSIVE;
				GCC_WARN_UNUSED_FUNCTION = YES;
				GCC_WARN_UNUSED_VARIABLE = YES;
				IPHONEOS_DEPLOYMENT_TARGET = 26.0;
				LOCALIZATION_PREFERS_STRING_CATALOGS = YES;
				MTL_ENABLE_DEBUG_INFO = NO;
				MTL_FAST_MATH = YES;
				SDKROOT = iphoneos;
				SWIFT_COMPILATION_MODE = wholemodule;
				VALIDATE_PRODUCT = YES;
			};
			name = Release;
		};
		2FD2DC052FA2E06200DBE696 /* Debug */ = {
			isa = XCBuildConfiguration;
			buildSettings = {
				ASSETCATALOG_COMPILER_APPICON_NAME = AppIcon;
				ASSETCATALOG_COMPILER_GLOBAL_ACCENT_COLOR_NAME = AccentColor;
				CODE_SIGN_STYLE = Automatic;
				CURRENT_PROJECT_VERSION = 1;
				DEVELOPMENT_TEAM = 38C5XXGVU6;
				ENABLE_PREVIEWS = YES;
				GENERATE_INFOPLIST_FILE = YES;
				INFOPLIST_KEY_UIApplicationSceneManifest_Generation = YES;
				INFOPLIST_KEY_UIApplicationSupportsIndirectInputEvents = YES;
				INFOPLIST_KEY_UILaunchScreen_Generation = YES;
				INFOPLIST_KEY_UISupportedInterfaceOrientations_iPad = "UIInterfaceOrientationPortrait UIInterfaceOrientationPortraitUpsideDown UIInterfaceOrientationLandscapeLeft UIInterfaceOrientationLandscapeRight";
				INFOPLIST_KEY_UISupportedInterfaceOrientations_iPhone = "UIInterfaceOrientationPortrait UIInterfaceOrientationLandscapeLeft UIInterfaceOrientationLandscapeRight";
				LD_RUNPATH_SEARCH_PATHS = (
					"$(inherited)",
					"@executable_path/Frameworks",
				);
				MARKETING_VERSION = 1.0;
				PRODUCT_BUNDLE_IDENTIFIER = com.isidoro.NavTechnique;
				PRODUCT_NAME = "$(TARGET_NAME)";
				STRING_CATALOG_GENERATE_SYMBOLS = YES;
				SWIFT_APPROACHABLE_CONCURRENCY = YES;
				SWIFT_DEFAULT_ACTOR_ISOLATION = MainActor;
				SWIFT_EMIT_LOC_STRINGS = YES;
				SWIFT_UPCOMING_FEATURE_MEMBER_IMPORT_VISIBILITY = YES;
				SWIFT_VERSION = 5.0;
				TARGETED_DEVICE_FAMILY = "1,2";
			};
			name = Debug;
		};
		2FD2DC062FA2E06200DBE696 /* Release */ = {
			isa = XCBuildConfiguration;
			buildSettings = {
				ASSETCATALOG_COMPILER_APPICON_NAME = AppIcon;
				ASSETCATALOG_COMPILER_GLOBAL_ACCENT_COLOR_NAME = AccentColor;
				CODE_SIGN_STYLE = Automatic;
				CURRENT_PROJECT_VERSION = 1;
				DEVELOPMENT_TEAM = 38C5XXGVU6;
				ENABLE_PREVIEWS = YES;
				GENERATE_INFOPLIST_FILE = YES;
				INFOPLIST_KEY_UIApplicationSceneManifest_Generation = YES;
				INFOPLIST_KEY_UIApplicationSupportsIndirectInputEvents = YES;
				INFOPLIST_KEY_UILaunchScreen_Generation = YES;
				INFOPLIST_KEY_UISupportedInterfaceOrientations_iPad = "UIInterfaceOrientationPortrait UIInterfaceOrientationPortraitUpsideDown UIInterfaceOrientationLandscapeLeft UIInterfaceOrientationLandscapeRight";
				INFOPLIST_KEY_UISupportedInterfaceOrientations_iPhone = "UIInterfaceOrientationPortrait UIInterfaceOrientationLandscapeLeft UIInterfaceOrientationLandscapeRight";
				LD_RUNPATH_SEARCH_PATHS = (
					"$(inherited)",
					"@executable_path/Frameworks",
				);
				MARKETING_VERSION = 1.0;
				PRODUCT_BUNDLE_IDENTIFIER = com.isidoro.NavTechnique;
				PRODUCT_NAME = "$(TARGET_NAME)";
				STRING_CATALOG_GENERATE_SYMBOLS = YES;
				SWIFT_APPROACHABLE_CONCURRENCY = YES;
				SWIFT_DEFAULT_ACTOR_ISOLATION = MainActor;
				SWIFT_EMIT_LOC_STRINGS = YES;
				SWIFT_UPCOMING_FEATURE_MEMBER_IMPORT_VISIBILITY = YES;
				SWIFT_VERSION = 5.0;
				TARGETED_DEVICE_FAMILY = "1,2";
			};
			name = Release;
		};
		2FD2DC082FA2E06200DBE696 /* Debug */ = {
			isa = XCBuildConfiguration;
			buildSettings = {
				BUNDLE_LOADER = "$(TEST_HOST)";
				CODE_SIGN_STYLE = Automatic;
				CURRENT_PROJECT_VERSION = 1;
				DEVELOPMENT_TEAM = 38C5XXGVU6;
				GENERATE_INFOPLIST_FILE = YES;
				IPHONEOS_DEPLOYMENT_TARGET = 26.0;
				MARKETING_VERSION = 1.0;
				PRODUCT_BUNDLE_IDENTIFIER = com.isidoro.NavTechniqueTests;
				PRODUCT_NAME = "$(TARGET_NAME)";
				STRING_CATALOG_GENERATE_SYMBOLS = NO;
				SWIFT_APPROACHABLE_CONCURRENCY = YES;
				SWIFT_EMIT_LOC_STRINGS = NO;
				SWIFT_UPCOMING_FEATURE_MEMBER_IMPORT_VISIBILITY = YES;
				SWIFT_VERSION = 5.0;
				TARGETED_DEVICE_FAMILY = "1,2";
				TEST_HOST = "$(BUILT_PRODUCTS_DIR)/NavTechnique.app/$(BUNDLE_EXECUTABLE_FOLDER_PATH)/NavTechnique";
			};
			name = Debug;
		};
		2FD2DC092FA2E06200DBE696 /* Release */ = {
			isa = XCBuildConfiguration;
			buildSettings = {
				BUNDLE_LOADER = "$(TEST_HOST)";
				CODE_SIGN_STYLE = Automatic;
				CURRENT_PROJECT_VERSION = 1;
				DEVELOPMENT_TEAM = 38C5XXGVU6;
				GENERATE_INFOPLIST_FILE = YES;
				IPHONEOS_DEPLOYMENT_TARGET = 26.0;
				MARKETING_VERSION = 1.0;
				PRODUCT_BUNDLE_IDENTIFIER = com.isidoro.NavTechniqueTests;
				PRODUCT_NAME = "$(TARGET_NAME)";
				STRING_CATALOG_GENERATE_SYMBOLS = NO;
				SWIFT_APPROACHABLE_CONCURRENCY = YES;
				SWIFT_EMIT_LOC_STRINGS = NO;
				SWIFT_UPCOMING_FEATURE_MEMBER_IMPORT_VISIBILITY = YES;
				SWIFT_VERSION = 5.0;
				TARGETED_DEVICE_FAMILY = "1,2";
				TEST_HOST = "$(BUILT_PRODUCTS_DIR)/NavTechnique.app/$(BUNDLE_EXECUTABLE_FOLDER_PATH)/NavTechnique";
			};
			name = Release;
		};
		2FD2DC0B2FA2E06200DBE696 /* Debug */ = {
			isa = XCBuildConfiguration;
			buildSettings = {
				CODE_SIGN_STYLE = Automatic;
				CURRENT_PROJECT_VERSION = 1;
				DEVELOPMENT_TEAM = 38C5XXGVU6;
				GENERATE_INFOPLIST_FILE = YES;
				MARKETING_VERSION = 1.0;
				PRODUCT_BUNDLE_IDENTIFIER = com.isidoro.NavTechniqueUITests;
				PRODUCT_NAME = "$(TARGET_NAME)";
				STRING_CATALOG_GENERATE_SYMBOLS = NO;
				SWIFT_APPROACHABLE_CONCURRENCY = YES;
				SWIFT_EMIT_LOC_STRINGS = NO;
				SWIFT_UPCOMING_FEATURE_MEMBER_IMPORT_VISIBILITY = YES;
				SWIFT_VERSION = 5.0;
				TARGETED_DEVICE_FAMILY = "1,2";
				TEST_TARGET_NAME = NavTechnique;
			};
			name = Debug;
		};
		2FD2DC0C2FA2E06200DBE696 /* Release */ = {
			isa = XCBuildConfiguration;
			buildSettings = {
				CODE_SIGN_STYLE = Automatic;
				CURRENT_PROJECT_VERSION = 1;
				DEVELOPMENT_TEAM = 38C5XXGVU6;
				GENERATE_INFOPLIST_FILE = YES;
				MARKETING_VERSION = 1.0;
				PRODUCT_BUNDLE_IDENTIFIER = com.isidoro.NavTechniqueUITests;
				PRODUCT_NAME = "$(TARGET_NAME)";
				STRING_CATALOG_GENERATE_SYMBOLS = NO;
				SWIFT_APPROACHABLE_CONCURRENCY = YES;
				SWIFT_EMIT_LOC_STRINGS = NO;
				SWIFT_UPCOMING_FEATURE_MEMBER_IMPORT_VISIBILITY = YES;
				SWIFT_VERSION = 5.0;
				TARGETED_DEVICE_FAMILY = "1,2";
				TEST_TARGET_NAME = NavTechnique;
			};
			name = Release;
		};
/* End XCBuildConfiguration section */

/* Begin XCConfigurationList section */
		2FD2DBDE2FA2E06200DBE696 /* Build configuration list for PBXProject "NavTechnique" */ = {
			isa = XCConfigurationList;
			buildConfigurations = (
				2FD2DC022FA2E06200DBE696 /* Debug */,
				2FD2DC032FA2E06200DBE696 /* Release */,
			);
			defaultConfigurationIsVisible = 0;
			defaultConfigurationName = Release;
		};
		2FD2DC042FA2E06200DBE696 /* Build configuration list for PBXNativeTarget "NavTechnique" */ = {
			isa = XCConfigurationList;
			buildConfigurations = (
				2FD2DC052FA2E06200DBE696 /* Debug */,
				2FD2DC062FA2E06200DBE696 /* Release */,
			);
			defaultConfigurationIsVisible = 0;
			defaultConfigurationName = Release;
		};
		2FD2DC072FA2E06200DBE696 /* Build configuration list for PBXNativeTarget "NavTechniqueTests" */ = {
			isa = XCConfigurationList;
			buildConfigurations = (
				2FD2DC082FA2E06200DBE696 /* Debug */,
				2FD2DC092FA2E06200DBE696 /* Release */,
			);
			defaultConfigurationIsVisible = 0;
			defaultConfigurationName = Release;
		};
		2FD2DC0A2FA2E06200DBE696 /* Build configuration list for PBXNativeTarget "NavTechniqueUITests" */ = {
			isa = XCConfigurationList;
			buildConfigurations = (
				2FD2DC0B2FA2E06200DBE696 /* Debug */,
				2FD2DC0C2FA2E06200DBE696 /* Release */,
			);
			defaultConfigurationIsVisible = 0;
			defaultConfigurationName = Release;
		};
/* End XCConfigurationList section */
	};
	rootObject = 2FD2DBDB2FA2E06100DBE696 /* Project object */;
}
